
Microsoft Visual Studio Solution File, Format Version 12.00
# Visual Studio Version 17
VisualStudioVersion = 17.4.33122.133
MinimumVisualStudioVersion = 10.0.40219.1
Project("{FAE04EC0-301F-11D3-BF4B-00C04F79EFBC}") = "Implicit-Explicit", "Implicit-Explicit\Implicit-Explicit.csproj", "{DBC57475-D146-41C1-A373-DE71C6364D94}"
EndProject
Global
	GlobalSection(SolutionConfigurationPlatforms) = preSolution
		Debug|Any CPU = Debug|Any CPU
		Release|Any CPU = Release|Any CPU
	EndGlobalSection
	GlobalSection(ProjectConfigurationPlatforms) = postSolution
		{DBC57475-D146-41C1-A373-DE71C6364D94}.Debug|Any CPU.ActiveCfg = Debug|Any CPU
		{DBC57475-D146-41C1-A373-DE71C6364D94}.Debug|Any CPU.Build.0 = Debug|Any CPU
		{DBC57475-D146-41C1-A373-DE71C6364D94}.Release|Any CPU.ActiveCfg = Release|Any CPU
		{DBC57475-D146-41C1-A373-DE71C6364D94}.Release|Any CPU.Build.0 = Release|Any CPU
	EndGlobalSection
	GlobalSection(SolutionProperties) = preSolution
		HideSolutionNode = FALSE
	EndGlobalSection
	GlobalSection(ExtensibilityGlobals) = postSolution
		SolutionGuid = {8238A2D0-BF92-4757-A4E3-DCDBA2370E46}
	EndGlobalSection
EndGlobal
